
Microsoft Visual Studio Solution File, Format Version 11.00
# Visual Studio 2010
Project("{FAE04EC0-301F-11D3-BF4B-00C04F79EFBC}") = "Assembly-CSharp", "Assembly-CSharp.csproj", "{355de667-5eb1-a76b-cbc5-fb157ce6a50d}"
EndProject
Project("{FAE04EC0-301F-11D3-BF4B-00C04F79EFBC}") = "Assembly-CSharp-firstpass", "Assembly-CSharp-firstpass.csproj", "{b954e637-9429-517f-6143-e2bb4f466c97}"
EndProject
Project("{FAE04EC0-301F-11D3-BF4B-00C04F79EFBC}") = "Assembly-CSharp-Editor-firstpass", "Assembly-CSharp-Editor-firstpass.csproj", "{cdb30f34-3134-1174-eb6c-6ab39b6c3bbc}"
EndProject
Global
	GlobalSection(SolutionConfigurationPlatforms) = preSolution
		Debug|Any CPU = Debug|Any CPU
	EndGlobalSection
	GlobalSection(ProjectConfigurationPlatforms) = postSolution
		{355de667-5eb1-a76b-cbc5-fb157ce6a50d}.Debug|Any CPU.ActiveCfg = Debug|Any CPU
		{355de667-5eb1-a76b-cbc5-fb157ce6a50d}.Debug|Any CPU.Build.0 = Debug|Any CPU
		{b954e637-9429-517f-6143-e2bb4f466c97}.Debug|Any CPU.ActiveCfg = Debug|Any CPU
		{b954e637-9429-517f-6143-e2bb4f466c97}.Debug|Any CPU.Build.0 = Debug|Any CPU
		{cdb30f34-3134-1174-eb6c-6ab39b6c3bbc}.Debug|Any CPU.ActiveCfg = Debug|Any CPU
		{cdb30f34-3134-1174-eb6c-6ab39b6c3bbc}.Debug|Any CPU.Build.0 = Debug|Any CPU
	EndGlobalSection
	GlobalSection(SolutionProperties) = preSolution
		HideSolutionNode = FALSE
	EndGlobalSection
EndGlobal
